{
  "nodes": {
    "nixpkgs": {
      "locked": {
        "lastModified": 1752480373,
        "narHash": "sha256-JHQbm+OcGp32wAsXTE/FLYGNpb+4GLi5oTvCxwSoBOA=",
        "owner": "NixOS",
        "repo": "nixpkgs",
        "rev": "62e0f05ede1da0d54515d4ea8ce9c733f12d9f08",
        "type": "github"
      },
      "original": {
        "owner": "NixOS",
        "ref": "nixos-unstable",
        "repo": "nixpkgs",
        "type": "github"
      }
    },
    "pyproject-build-systems": {
      "inputs": {
        "nixpkgs": [
          "nixpkgs"
        ],
        "pyproject-nix": [
          "pyproject-nix"
        ],
        "uv2nix": [
          "uv2nix"
        ]
      },
      "locked": {
        "lastModified": 1752574539,
        "narHash": "sha256-Dl/TGWnrsmmyFVApbpoVosAwOjocJRP2VAoOVbYK+KA=",
        "owner": "pyproject-nix",
        "repo": "build-system-pkgs",
        "rev": "dfa1792728c7a3c34e22491e9fa272ed24e53012",
        "type": "github"
      },
      "original": {
        "owner": "pyproject-nix",
        "repo": "build-system-pkgs",
        "type": "github"
      }
    },
    "pyproject-nix": {
      "inputs": {
        "nixpkgs": [
          "nixpkgs"
        ]
      },
      "locked": {
        "lastModified": 1752762157,
        "narHash": "sha256-xF39K+Sd5+Sv2YqarHEwFpzCC3sKz83M7/tCg99/8Uk=",
        "owner": "pyproject-nix",
        "repo": "pyproject.nix",
        "rev": "fa35449a527d07cf3c7856687d18a999dd0dd241",
        "type": "github"
      },
      "original": {
        "owner": "pyproject-nix",
        "repo": "pyproject.nix",
        "type": "github"
      }
    },
    "root": {
      "inputs": {
        "nixpkgs": "nixpkgs",
        "pyproject-build-systems": "pyproject-build-systems",
        "pyproject-nix": "pyproject-nix",
        "uv2nix": "uv2nix"
      }
    },
    "uv2nix": {
      "inputs": {
        "nixpkgs": [
          "nixpkgs"
        ],
        "pyproject-nix": [
          "pyproject-nix"
        ]
      },
      "locked": {
        "lastModified": 1752545833,
        "narHash": "sha256-mnYQICW9vf9F6wTgfUGlb32ie1OHxHRv2Delxul2LIU=",
        "owner": "pyproject-nix",
        "repo": "uv2nix",
        "rev": "24a98828b90224ed8a811d7a54315e0f9d0ec3cd",
        "type": "github"
      },
      "original": {
        "owner": "pyproject-nix",
        "repo": "uv2nix",
        "type": "github"
      }
    }
  },
  "root": "root",
  "version": 7
}
