name: Flake lock changelog

on:
  pull_request:
    paths:
      - flake.lock

permissions:
  contents: read
  pull-requests: write

jobs:
  comment:
    name: Comment flake.lock changelog
    runs-on: ubuntu-latest
    steps:
      - name: Checkout
        uses: actions/checkout@df4cb1c069e1874edd31b4311f1884172cec0e10 # v6
        with:
          persist-credentials: false

      - name: Comment flake.lock changelog
        uses: mdarocha/comment-flake-lock-changelog@709edb53d1a4937e9792876a036671f3316f1186 # v1.0.2
        with:
          pull-request-number: ${{ github.event.pull_request.number }}
